
Microsoft Visual Studio Solution File, Format Version 12.00
# Visual Studio Version 17
VisualStudioVersion = 17.2.32616.157
MinimumVisualStudioVersion = 10.0.40219.1
Project("{9A19103F-16F7-4668-BE54-9A1E7A4F7556}") = "AbstractFactory", "AbstractFactory\AbstractFactory.csproj", "{B4CAE1BD-99D3-4DDF-9C23-43F7453E0F95}"
EndProject
Project("{FAE04EC0-301F-11D3-BF4B-00C04F79EFBC}") = "Composite", "Composite\Composite.csproj", "{2FAE08CA-529B-47C2-B1F7-FDC42CBB99D8}"
EndProject
Project("{FAE04EC0-301F-11D3-BF4B-00C04F79EFBC}") = "Memento", "Memonto\Memento.csproj", "{CDDAC353-6A14-47A5-A358-E72E1AF8B581}"
EndProject
Global
	GlobalSection(SolutionConfigurationPlatforms) = preSolution
		Debug|Any CPU = Debug|Any CPU
		Release|Any CPU = Release|Any CPU
	EndGlobalSection
	GlobalSection(ProjectConfigurationPlatforms) = postSolution
		{B4CAE1BD-99D3-4DDF-9C23-43F7453E0F95}.Debug|Any CPU.ActiveCfg = Debug|Any CPU
		{B4CAE1BD-99D3-4DDF-9C23-43F7453E0F95}.Debug|Any CPU.Build.0 = Debug|Any CPU
		{B4CAE1BD-99D3-4DDF-9C23-43F7453E0F95}.Release|Any CPU.ActiveCfg = Release|Any CPU
		{B4CAE1BD-99D3-4DDF-9C23-43F7453E0F95}.Release|Any CPU.Build.0 = Release|Any CPU
		{2FAE08CA-529B-47C2-B1F7-FDC42CBB99D8}.Debug|Any CPU.ActiveCfg = Debug|Any CPU
		{2FAE08CA-529B-47C2-B1F7-FDC42CBB99D8}.Debug|Any CPU.Build.0 = Debug|Any CPU
		{2FAE08CA-529B-47C2-B1F7-FDC42CBB99D8}.Release|Any CPU.ActiveCfg = Release|Any CPU
		{2FAE08CA-529B-47C2-B1F7-FDC42CBB99D8}.Release|Any CPU.Build.0 = Release|Any CPU
		{CDDAC353-6A14-47A5-A358-E72E1AF8B581}.Debug|Any CPU.ActiveCfg = Debug|Any CPU
		{CDDAC353-6A14-47A5-A358-E72E1AF8B581}.Debug|Any CPU.Build.0 = Debug|Any CPU
		{CDDAC353-6A14-47A5-A358-E72E1AF8B581}.Release|Any CPU.ActiveCfg = Release|Any CPU
		{CDDAC353-6A14-47A5-A358-E72E1AF8B581}.Release|Any CPU.Build.0 = Release|Any CPU
	EndGlobalSection
	GlobalSection(SolutionProperties) = preSolution
		HideSolutionNode = FALSE
	EndGlobalSection
	GlobalSection(ExtensibilityGlobals) = postSolution
		SolutionGuid = {E7F90B5E-9979-46F9-90D4-06D94965DDE3}
	EndGlobalSection
EndGlobal
